{
  "name": "pdf-extractor",
  "version": "1.0.0",
  "lockfileVersion": 1,
  "requires": true,
  "dependencies": {
    "pdf-to-text": {
      "version": "0.0.7",
      "resolved": "https://registry.npmjs.org/pdf-to-text/-/pdf-to-text-0.0.7.tgz",
      "integrity": "sha1-0c11tqnzeCoUvN+f5rwC90zX7NM="
    }
  }
}
